
Microsoft Visual Studio Solution File, Format Version 12.00
# Visual Studio Version 17
Project("{2150E333-8FDC-42A3-9474-1A3956D46DE8}") = "CMakePredefinedTargets", "CMakePredefinedTargets", "{8E2AECA5-45E3-376F-ABED-8DDA22FA4F9E}"
EndProject
Project("{2150E333-8FDC-42A3-9474-1A3956D46DE8}") = "External", "External", "{7DAABF44-BF0D-3D32-A6BA-B9564A800703}"
EndProject
Project("{2150E333-8FDC-42A3-9474-1A3956D46DE8}") = "Internal", "Internal", "{6AE2F5C4-2E35-3B88-B612-06DF7DECCCBC}"
EndProject
Project("{2150E333-8FDC-42A3-9474-1A3956D46DE8}") = "Utils", "Utils", "{8C9C91D4-160A-361C-9BB3-B84FDAC31719}"
EndProject
Project("{8BC9CEB8-8B4A-11D0-8D11-00A0C91BC942}") = "ALL_BUILD", "ALL_BUILD.vcxproj", "{CBA67BEC-200A-315B-9EE1-6CED1DC04D2A}"
	ProjectSection(ProjectDependencies) = postProject
		{1F44FB60-23F5-3E6D-8754-5EC88E3E2AF2} = {1F44FB60-23F5-3E6D-8754-5EC88E3E2AF2}
		{52FD9E2A-AA31-314F-BF59-A6F812DB76E1} = {52FD9E2A-AA31-314F-BF59-A6F812DB76E1}
		{679EEFDA-EC3D-3A03-8B66-75D056019686} = {679EEFDA-EC3D-3A03-8B66-75D056019686}
		{F7112966-09D2-3D00-B5C8-CDDF911374A1} = {F7112966-09D2-3D00-B5C8-CDDF911374A1}
		{51F605FC-8A22-3A12-9EA0-6DAB5D532804} = {51F605FC-8A22-3A12-9EA0-6DAB5D532804}
		{5152242F-DD8E-3CB6-9CCE-9B9CC9720E95} = {5152242F-DD8E-3CB6-9CCE-9B9CC9720E95}
		{528FD48E-D821-3D0B-AD05-3D9B508B479E} = {528FD48E-D821-3D0B-AD05-3D9B508B479E}
		{B66DF65B-0DDD-384F-B9E8-AA1A36BDBABB} = {B66DF65B-0DDD-384F-B9E8-AA1A36BDBABB}
		{E95D721F-51D8-3342-92BD-184CC11E3BA6} = {E95D721F-51D8-3342-92BD-184CC11E3BA6}
		{13E8D66A-A21C-3254-B9EA-C1A067D82849} = {13E8D66A-A21C-3254-B9EA-C1A067D82849}
		{914056F4-DD24-39D9-AE6E-E3B58D3360CD} = {914056F4-DD24-39D9-AE6E-E3B58D3360CD}
		{A9EDA293-89E3-319B-A66E-ABF9CC688A88} = {A9EDA293-89E3-319B-A66E-ABF9CC688A88}
		{45103ABB-8581-38FE-B8C7-142A69B250E4} = {45103ABB-8581-38FE-B8C7-142A69B250E4}
		{FAF59E4E-3F8C-34E0-9C3E-5CC050B0948C} = {FAF59E4E-3F8C-34E0-9C3E-5CC050B0948C}
	EndProjectSection
EndProject
Project("{8BC9CEB8-8B4A-11D0-8D11-00A0C91BC942}") = "SUPER_GAME", "SUPER_GAME.vcxproj", "{1F44FB60-23F5-3E6D-8754-5EC88E3E2AF2}"
	ProjectSection(ProjectDependencies) = postProject
		{52FD9E2A-AA31-314F-BF59-A6F812DB76E1} = {52FD9E2A-AA31-314F-BF59-A6F812DB76E1}
		{679EEFDA-EC3D-3A03-8B66-75D056019686} = {679EEFDA-EC3D-3A03-8B66-75D056019686}
		{F7112966-09D2-3D00-B5C8-CDDF911374A1} = {F7112966-09D2-3D00-B5C8-CDDF911374A1}
		{51F605FC-8A22-3A12-9EA0-6DAB5D532804} = {51F605FC-8A22-3A12-9EA0-6DAB5D532804}
		{5152242F-DD8E-3CB6-9CCE-9B9CC9720E95} = {5152242F-DD8E-3CB6-9CCE-9B9CC9720E95}
		{528FD48E-D821-3D0B-AD05-3D9B508B479E} = {528FD48E-D821-3D0B-AD05-3D9B508B479E}
		{B66DF65B-0DDD-384F-B9E8-AA1A36BDBABB} = {B66DF65B-0DDD-384F-B9E8-AA1A36BDBABB}
		{E95D721F-51D8-3342-92BD-184CC11E3BA6} = {E95D721F-51D8-3342-92BD-184CC11E3BA6}
		{13E8D66A-A21C-3254-B9EA-C1A067D82849} = {13E8D66A-A21C-3254-B9EA-C1A067D82849}
		{914056F4-DD24-39D9-AE6E-E3B58D3360CD} = {914056F4-DD24-39D9-AE6E-E3B58D3360CD}
		{A9EDA293-89E3-319B-A66E-ABF9CC688A88} = {A9EDA293-89E3-319B-A66E-ABF9CC688A88}
		{45103ABB-8581-38FE-B8C7-142A69B250E4} = {45103ABB-8581-38FE-B8C7-142A69B250E4}
		{FAF59E4E-3F8C-34E0-9C3E-5CC050B0948C} = {FAF59E4E-3F8C-34E0-9C3E-5CC050B0948C}
	EndProjectSection
EndProject
Project("{8BC9CEB8-8B4A-11D0-8D11-00A0C91BC942}") = "SYNC_RESOURCE-SUPER_GAME", "SYNC_RESOURCE-SUPER_GAME.vcxproj", "{52FD9E2A-AA31-314F-BF59-A6F812DB76E1}"
	ProjectSection(ProjectDependencies) = postProject
	EndProjectSection
EndProject
Project("{8BC9CEB8-8B4A-11D0-8D11-00A0C91BC942}") = "cocos2d", "engine\cocos\core\cocos2d.vcxproj", "{679EEFDA-EC3D-3A03-8B66-75D056019686}"
	ProjectSection(ProjectDependencies) = postProject
		{F7112966-09D2-3D00-B5C8-CDDF911374A1} = {F7112966-09D2-3D00-B5C8-CDDF911374A1}
		{51F605FC-8A22-3A12-9EA0-6DAB5D532804} = {51F605FC-8A22-3A12-9EA0-6DAB5D532804}
		{5152242F-DD8E-3CB6-9CCE-9B9CC9720E95} = {5152242F-DD8E-3CB6-9CCE-9B9CC9720E95}
		{528FD48E-D821-3D0B-AD05-3D9B508B479E} = {528FD48E-D821-3D0B-AD05-3D9B508B479E}
		{B66DF65B-0DDD-384F-B9E8-AA1A36BDBABB} = {B66DF65B-0DDD-384F-B9E8-AA1A36BDBABB}
		{E95D721F-51D8-3342-92BD-184CC11E3BA6} = {E95D721F-51D8-3342-92BD-184CC11E3BA6}
		{13E8D66A-A21C-3254-B9EA-C1A067D82849} = {13E8D66A-A21C-3254-B9EA-C1A067D82849}
		{914056F4-DD24-39D9-AE6E-E3B58D3360CD} = {914056F4-DD24-39D9-AE6E-E3B58D3360CD}
		{A9EDA293-89E3-319B-A66E-ABF9CC688A88} = {A9EDA293-89E3-319B-A66E-ABF9CC688A88}
		{45103ABB-8581-38FE-B8C7-142A69B250E4} = {45103ABB-8581-38FE-B8C7-142A69B250E4}
		{FAF59E4E-3F8C-34E0-9C3E-5CC050B0948C} = {FAF59E4E-3F8C-34E0-9C3E-5CC050B0948C}
	EndProjectSection
EndProject
Project("{8BC9CEB8-8B4A-11D0-8D11-00A0C91BC942}") = "ext_clipper", "engine\external\clipper\ext_clipper.vcxproj", "{F7112966-09D2-3D00-B5C8-CDDF911374A1}"
	ProjectSection(ProjectDependencies) = postProject
	EndProjectSection
EndProject
Project("{8BC9CEB8-8B4A-11D0-8D11-00A0C91BC942}") = "ext_convertUTF", "engine\external\ConvertUTF\ext_convertUTF.vcxproj", "{51F605FC-8A22-3A12-9EA0-6DAB5D532804}"
	ProjectSection(ProjectDependencies) = postProject
	EndProjectSection
EndProject
Project("{8BC9CEB8-8B4A-11D0-8D11-00A0C91BC942}") = "ext_edtaa3func", "engine\external\edtaa3func\ext_edtaa3func.vcxproj", "{5152242F-DD8E-3CB6-9CCE-9B9CC9720E95}"
	ProjectSection(ProjectDependencies) = postProject
	EndProjectSection
EndProject
Project("{8BC9CEB8-8B4A-11D0-8D11-00A0C91BC942}") = "ext_md5", "engine\external\md5\ext_md5.vcxproj", "{528FD48E-D821-3D0B-AD05-3D9B508B479E}"
	ProjectSection(ProjectDependencies) = postProject
	EndProjectSection
EndProject
Project("{8BC9CEB8-8B4A-11D0-8D11-00A0C91BC942}") = "ext_poly2tri", "engine\external\poly2tri\ext_poly2tri.vcxproj", "{B66DF65B-0DDD-384F-B9E8-AA1A36BDBABB}"
	ProjectSection(ProjectDependencies) = postProject
	EndProjectSection
EndProject
Project("{8BC9CEB8-8B4A-11D0-8D11-00A0C91BC942}") = "ext_recast", "engine\external\recast\ext_recast.vcxproj", "{E95D721F-51D8-3342-92BD-184CC11E3BA6}"
	ProjectSection(ProjectDependencies) = postProject
	EndProjectSection
EndProject
Project("{8BC9CEB8-8B4A-11D0-8D11-00A0C91BC942}") = "ext_tinyxml2", "engine\external\tinyxml2\ext_tinyxml2.vcxproj", "{13E8D66A-A21C-3254-B9EA-C1A067D82849}"
	ProjectSection(ProjectDependencies) = postProject
	EndProjectSection
EndProject
Project("{8BC9CEB8-8B4A-11D0-8D11-00A0C91BC942}") = "ext_unzip", "engine\external\unzip\ext_unzip.vcxproj", "{914056F4-DD24-39D9-AE6E-E3B58D3360CD}"
	ProjectSection(ProjectDependencies) = postProject
	EndProjectSection
EndProject
Project("{8BC9CEB8-8B4A-11D0-8D11-00A0C91BC942}") = "ext_xxhash", "engine\external\xxhash\ext_xxhash.vcxproj", "{A9EDA293-89E3-319B-A66E-ABF9CC688A88}"
	ProjectSection(ProjectDependencies) = postProject
	EndProjectSection
EndProject
Project("{8BC9CEB8-8B4A-11D0-8D11-00A0C91BC942}") = "ext_xxtea", "engine\external\xxtea\ext_xxtea.vcxproj", "{45103ABB-8581-38FE-B8C7-142A69B250E4}"
	ProjectSection(ProjectDependencies) = postProject
	EndProjectSection
EndProject
Project("{8BC9CEB8-8B4A-11D0-8D11-00A0C91BC942}") = "external", "engine\external\external.vcxproj", "{FAF59E4E-3F8C-34E0-9C3E-5CC050B0948C}"
	ProjectSection(ProjectDependencies) = postProject
		{F7112966-09D2-3D00-B5C8-CDDF911374A1} = {F7112966-09D2-3D00-B5C8-CDDF911374A1}
		{51F605FC-8A22-3A12-9EA0-6DAB5D532804} = {51F605FC-8A22-3A12-9EA0-6DAB5D532804}
		{5152242F-DD8E-3CB6-9CCE-9B9CC9720E95} = {5152242F-DD8E-3CB6-9CCE-9B9CC9720E95}
		{528FD48E-D821-3D0B-AD05-3D9B508B479E} = {528FD48E-D821-3D0B-AD05-3D9B508B479E}
		{B66DF65B-0DDD-384F-B9E8-AA1A36BDBABB} = {B66DF65B-0DDD-384F-B9E8-AA1A36BDBABB}
		{E95D721F-51D8-3342-92BD-184CC11E3BA6} = {E95D721F-51D8-3342-92BD-184CC11E3BA6}
		{13E8D66A-A21C-3254-B9EA-C1A067D82849} = {13E8D66A-A21C-3254-B9EA-C1A067D82849}
		{914056F4-DD24-39D9-AE6E-E3B58D3360CD} = {914056F4-DD24-39D9-AE6E-E3B58D3360CD}
		{A9EDA293-89E3-319B-A66E-ABF9CC688A88} = {A9EDA293-89E3-319B-A66E-ABF9CC688A88}
		{45103ABB-8581-38FE-B8C7-142A69B250E4} = {45103ABB-8581-38FE-B8C7-142A69B250E4}
	EndProjectSection
EndProject
Global
	GlobalSection(SolutionConfigurationPlatforms) = preSolution
		Debug|Win32 = Debug|Win32
		Release|Win32 = Release|Win32
		MinSizeRel|Win32 = MinSizeRel|Win32
		RelWithDebInfo|Win32 = RelWithDebInfo|Win32
	EndGlobalSection
	GlobalSection(ProjectConfigurationPlatforms) = postSolution
		{CBA67BEC-200A-315B-9EE1-6CED1DC04D2A}.Debug|Win32.ActiveCfg = Debug|Win32
		{CBA67BEC-200A-315B-9EE1-6CED1DC04D2A}.Release|Win32.ActiveCfg = Release|Win32
		{CBA67BEC-200A-315B-9EE1-6CED1DC04D2A}.MinSizeRel|Win32.ActiveCfg = MinSizeRel|Win32
		{CBA67BEC-200A-315B-9EE1-6CED1DC04D2A}.RelWithDebInfo|Win32.ActiveCfg = RelWithDebInfo|Win32
		{1F44FB60-23F5-3E6D-8754-5EC88E3E2AF2}.Debug|Win32.ActiveCfg = Debug|Win32
		{1F44FB60-23F5-3E6D-8754-5EC88E3E2AF2}.Debug|Win32.Build.0 = Debug|Win32
		{1F44FB60-23F5-3E6D-8754-5EC88E3E2AF2}.Release|Win32.ActiveCfg = Release|Win32
		{1F44FB60-23F5-3E6D-8754-5EC88E3E2AF2}.Release|Win32.Build.0 = Release|Win32
		{1F44FB60-23F5-3E6D-8754-5EC88E3E2AF2}.MinSizeRel|Win32.ActiveCfg = MinSizeRel|Win32
		{1F44FB60-23F5-3E6D-8754-5EC88E3E2AF2}.MinSizeRel|Win32.Build.0 = MinSizeRel|Win32
		{1F44FB60-23F5-3E6D-8754-5EC88E3E2AF2}.RelWithDebInfo|Win32.ActiveCfg = RelWithDebInfo|Win32
		{1F44FB60-23F5-3E6D-8754-5EC88E3E2AF2}.RelWithDebInfo|Win32.Build.0 = RelWithDebInfo|Win32
		{52FD9E2A-AA31-314F-BF59-A6F812DB76E1}.Debug|Win32.ActiveCfg = Debug|Win32
		{52FD9E2A-AA31-314F-BF59-A6F812DB76E1}.Debug|Win32.Build.0 = Debug|Win32
		{52FD9E2A-AA31-314F-BF59-A6F812DB76E1}.Release|Win32.ActiveCfg = Release|Win32
		{52FD9E2A-AA31-314F-BF59-A6F812DB76E1}.Release|Win32.Build.0 = Release|Win32
		{52FD9E2A-AA31-314F-BF59-A6F812DB76E1}.MinSizeRel|Win32.ActiveCfg = MinSizeRel|Win32
		{52FD9E2A-AA31-314F-BF59-A6F812DB76E1}.MinSizeRel|Win32.Build.0 = MinSizeRel|Win32
		{52FD9E2A-AA31-314F-BF59-A6F812DB76E1}.RelWithDebInfo|Win32.ActiveCfg = RelWithDebInfo|Win32
		{52FD9E2A-AA31-314F-BF59-A6F812DB76E1}.RelWithDebInfo|Win32.Build.0 = RelWithDebInfo|Win32
		{679EEFDA-EC3D-3A03-8B66-75D056019686}.Debug|Win32.ActiveCfg = Debug|Win32
		{679EEFDA-EC3D-3A03-8B66-75D056019686}.Debug|Win32.Build.0 = Debug|Win32
		{679EEFDA-EC3D-3A03-8B66-75D056019686}.Release|Win32.ActiveCfg = Release|Win32
		{679EEFDA-EC3D-3A03-8B66-75D056019686}.Release|Win32.Build.0 = Release|Win32
		{679EEFDA-EC3D-3A03-8B66-75D056019686}.MinSizeRel|Win32.ActiveCfg = MinSizeRel|Win32
		{679EEFDA-EC3D-3A03-8B66-75D056019686}.MinSizeRel|Win32.Build.0 = MinSizeRel|Win32
		{679EEFDA-EC3D-3A03-8B66-75D056019686}.RelWithDebInfo|Win32.ActiveCfg = RelWithDebInfo|Win32
		{679EEFDA-EC3D-3A03-8B66-75D056019686}.RelWithDebInfo|Win32.Build.0 = RelWithDebInfo|Win32
		{F7112966-09D2-3D00-B5C8-CDDF911374A1}.Debug|Win32.ActiveCfg = Debug|Win32
		{F7112966-09D2-3D00-B5C8-CDDF911374A1}.Debug|Win32.Build.0 = Debug|Win32
		{F7112966-09D2-3D00-B5C8-CDDF911374A1}.Release|Win32.ActiveCfg = Release|Win32
		{F7112966-09D2-3D00-B5C8-CDDF911374A1}.Release|Win32.Build.0 = Release|Win32
		{F7112966-09D2-3D00-B5C8-CDDF911374A1}.MinSizeRel|Win32.ActiveCfg = MinSizeRel|Win32
		{F7112966-09D2-3D00-B5C8-CDDF911374A1}.MinSizeRel|Win32.Build.0 = MinSizeRel|Win32
		{F7112966-09D2-3D00-B5C8-CDDF911374A1}.RelWithDebInfo|Win32.ActiveCfg = RelWithDebInfo|Win32
		{F7112966-09D2-3D00-B5C8-CDDF911374A1}.RelWithDebInfo|Win32.Build.0 = RelWithDebInfo|Win32
		{51F605FC-8A22-3A12-9EA0-6DAB5D532804}.Debug|Win32.ActiveCfg = Debug|Win32
		{51F605FC-8A22-3A12-9EA0-6DAB5D532804}.Debug|Win32.Build.0 = Debug|Win32
		{51F605FC-8A22-3A12-9EA0-6DAB5D532804}.Release|Win32.ActiveCfg = Release|Win32
		{51F605FC-8A22-3A12-9EA0-6DAB5D532804}.Release|Win32.Build.0 = Release|Win32
		{51F605FC-8A22-3A12-9EA0-6DAB5D532804}.MinSizeRel|Win32.ActiveCfg = MinSizeRel|Win32
		{51F605FC-8A22-3A12-9EA0-6DAB5D532804}.MinSizeRel|Win32.Build.0 = MinSizeRel|Win32
		{51F605FC-8A22-3A12-9EA0-6DAB5D532804}.RelWithDebInfo|Win32.ActiveCfg = RelWithDebInfo|Win32
		{51F605FC-8A22-3A12-9EA0-6DAB5D532804}.RelWithDebInfo|Win32.Build.0 = RelWithDebInfo|Win32
		{5152242F-DD8E-3CB6-9CCE-9B9CC9720E95}.Debug|Win32.ActiveCfg = Debug|Win32
		{5152242F-DD8E-3CB6-9CCE-9B9CC9720E95}.Debug|Win32.Build.0 = Debug|Win32
		{5152242F-DD8E-3CB6-9CCE-9B9CC9720E95}.Release|Win32.ActiveCfg = Release|Win32
		{5152242F-DD8E-3CB6-9CCE-9B9CC9720E95}.Release|Win32.Build.0 = Release|Win32
		{5152242F-DD8E-3CB6-9CCE-9B9CC9720E95}.MinSizeRel|Win32.ActiveCfg = MinSizeRel|Win32
		{5152242F-DD8E-3CB6-9CCE-9B9CC9720E95}.MinSizeRel|Win32.Build.0 = MinSizeRel|Win32
		{5152242F-DD8E-3CB6-9CCE-9B9CC9720E95}.RelWithDebInfo|Win32.ActiveCfg = RelWithDebInfo|Win32
		{5152242F-DD8E-3CB6-9CCE-9B9CC9720E95}.RelWithDebInfo|Win32.Build.0 = RelWithDebInfo|Win32
		{528FD48E-D821-3D0B-AD05-3D9B508B479E}.Debug|Win32.ActiveCfg = Debug|Win32
		{528FD48E-D821-3D0B-AD05-3D9B508B479E}.Debug|Win32.Build.0 = Debug|Win32
		{528FD48E-D821-3D0B-AD05-3D9B508B479E}.Release|Win32.ActiveCfg = Release|Win32
		{528FD48E-D821-3D0B-AD05-3D9B508B479E}.Release|Win32.Build.0 = Release|Win32
		{528FD48E-D821-3D0B-AD05-3D9B508B479E}.MinSizeRel|Win32.ActiveCfg = MinSizeRel|Win32
		{528FD48E-D821-3D0B-AD05-3D9B508B479E}.MinSizeRel|Win32.Build.0 = MinSizeRel|Win32
		{528FD48E-D821-3D0B-AD05-3D9B508B479E}.RelWithDebInfo|Win32.ActiveCfg = RelWithDebInfo|Win32
		{528FD48E-D821-3D0B-AD05-3D9B508B479E}.RelWithDebInfo|Win32.Build.0 = RelWithDebInfo|Win32
		{B66DF65B-0DDD-384F-B9E8-AA1A36BDBABB}.Debug|Win32.ActiveCfg = Debug|Win32
		{B66DF65B-0DDD-384F-B9E8-AA1A36BDBABB}.Debug|Win32.Build.0 = Debug|Win32
		{B66DF65B-0DDD-384F-B9E8-AA1A36BDBABB}.Release|Win32.ActiveCfg = Release|Win32
		{B66DF65B-0DDD-384F-B9E8-AA1A36BDBABB}.Release|Win32.Build.0 = Release|Win32
		{B66DF65B-0DDD-384F-B9E8-AA1A36BDBABB}.MinSizeRel|Win32.ActiveCfg = MinSizeRel|Win32
		{B66DF65B-0DDD-384F-B9E8-AA1A36BDBABB}.MinSizeRel|Win32.Build.0 = MinSizeRel|Win32
		{B66DF65B-0DDD-384F-B9E8-AA1A36BDBABB}.RelWithDebInfo|Win32.ActiveCfg = RelWithDebInfo|Win32
		{B66DF65B-0DDD-384F-B9E8-AA1A36BDBABB}.RelWithDebInfo|Win32.Build.0 = RelWithDebInfo|Win32
		{E95D721F-51D8-3342-92BD-184CC11E3BA6}.Debug|Win32.ActiveCfg = Debug|Win32
		{E95D721F-51D8-3342-92BD-184CC11E3BA6}.Debug|Win32.Build.0 = Debug|Win32
		{E95D721F-51D8-3342-92BD-184CC11E3BA6}.Release|Win32.ActiveCfg = Release|Win32
		{E95D721F-51D8-3342-92BD-184CC11E3BA6}.Release|Win32.Build.0 = Release|Win32
		{E95D721F-51D8-3342-92BD-184CC11E3BA6}.MinSizeRel|Win32.ActiveCfg = MinSizeRel|Win32
		{E95D721F-51D8-3342-92BD-184CC11E3BA6}.MinSizeRel|Win32.Build.0 = MinSizeRel|Win32
		{E95D721F-51D8-3342-92BD-184CC11E3BA6}.RelWithDebInfo|Win32.ActiveCfg = RelWithDebInfo|Win32
		{E95D721F-51D8-3342-92BD-184CC11E3BA6}.RelWithDebInfo|Win32.Build.0 = RelWithDebInfo|Win32
		{13E8D66A-A21C-3254-B9EA-C1A067D82849}.Debug|Win32.ActiveCfg = Debug|Win32
		{13E8D66A-A21C-3254-B9EA-C1A067D82849}.Debug|Win32.Build.0 = Debug|Win32
		{13E8D66A-A21C-3254-B9EA-C1A067D82849}.Release|Win32.ActiveCfg = Release|Win32
		{13E8D66A-A21C-3254-B9EA-C1A067D82849}.Release|Win32.Build.0 = Release|Win32
		{13E8D66A-A21C-3254-B9EA-C1A067D82849}.MinSizeRel|Win32.ActiveCfg = MinSizeRel|Win32
		{13E8D66A-A21C-3254-B9EA-C1A067D82849}.MinSizeRel|Win32.Build.0 = MinSizeRel|Win32
		{13E8D66A-A21C-3254-B9EA-C1A067D82849}.RelWithDebInfo|Win32.ActiveCfg = RelWithDebInfo|Win32
		{13E8D66A-A21C-3254-B9EA-C1A067D82849}.RelWithDebInfo|Win32.Build.0 = RelWithDebInfo|Win32
		{914056F4-DD24-39D9-AE6E-E3B58D3360CD}.Debug|Win32.ActiveCfg = Debug|Win32
		{914056F4-DD24-39D9-AE6E-E3B58D3360CD}.Debug|Win32.Build.0 = Debug|Win32
		{914056F4-DD24-39D9-AE6E-E3B58D3360CD}.Release|Win32.ActiveCfg = Release|Win32
		{914056F4-DD24-39D9-AE6E-E3B58D3360CD}.Release|Win32.Build.0 = Release|Win32
		{914056F4-DD24-39D9-AE6E-E3B58D3360CD}.MinSizeRel|Win32.ActiveCfg = MinSizeRel|Win32
		{914056F4-DD24-39D9-AE6E-E3B58D3360CD}.MinSizeRel|Win32.Build.0 = MinSizeRel|Win32
		{914056F4-DD24-39D9-AE6E-E3B58D3360CD}.RelWithDebInfo|Win32.ActiveCfg = RelWithDebInfo|Win32
		{914056F4-DD24-39D9-AE6E-E3B58D3360CD}.RelWithDebInfo|Win32.Build.0 = RelWithDebInfo|Win32
		{A9EDA293-89E3-319B-A66E-ABF9CC688A88}.Debug|Win32.ActiveCfg = Debug|Win32
		{A9EDA293-89E3-319B-A66E-ABF9CC688A88}.Debug|Win32.Build.0 = Debug|Win32
		{A9EDA293-89E3-319B-A66E-ABF9CC688A88}.Release|Win32.ActiveCfg = Release|Win32
		{A9EDA293-89E3-319B-A66E-ABF9CC688A88}.Release|Win32.Build.0 = Release|Win32
		{A9EDA293-89E3-319B-A66E-ABF9CC688A88}.MinSizeRel|Win32.ActiveCfg = MinSizeRel|Win32
		{A9EDA293-89E3-319B-A66E-ABF9CC688A88}.MinSizeRel|Win32.Build.0 = MinSizeRel|Win32
		{A9EDA293-89E3-319B-A66E-ABF9CC688A88}.RelWithDebInfo|Win32.ActiveCfg = RelWithDebInfo|Win32
		{A9EDA293-89E3-319B-A66E-ABF9CC688A88}.RelWithDebInfo|Win32.Build.0 = RelWithDebInfo|Win32
		{45103ABB-8581-38FE-B8C7-142A69B250E4}.Debug|Win32.ActiveCfg = Debug|Win32
		{45103ABB-8581-38FE-B8C7-142A69B250E4}.Debug|Win32.Build.0 = Debug|Win32
		{45103ABB-8581-38FE-B8C7-142A69B250E4}.Release|Win32.ActiveCfg = Release|Win32
		{45103ABB-8581-38FE-B8C7-142A69B250E4}.Release|Win32.Build.0 = Release|Win32
		{45103ABB-8581-38FE-B8C7-142A69B250E4}.MinSizeRel|Win32.ActiveCfg = MinSizeRel|Win32
		{45103ABB-8581-38FE-B8C7-142A69B250E4}.MinSizeRel|Win32.Build.0 = MinSizeRel|Win32
		{45103ABB-8581-38FE-B8C7-142A69B250E4}.RelWithDebInfo|Win32.ActiveCfg = RelWithDebInfo|Win32
		{45103ABB-8581-38FE-B8C7-142A69B250E4}.RelWithDebInfo|Win32.Build.0 = RelWithDebInfo|Win32
		{FAF59E4E-3F8C-34E0-9C3E-5CC050B0948C}.Debug|Win32.ActiveCfg = Debug|Win32
		{FAF59E4E-3F8C-34E0-9C3E-5CC050B0948C}.Debug|Win32.Build.0 = Debug|Win32
		{FAF59E4E-3F8C-34E0-9C3E-5CC050B0948C}.Release|Win32.ActiveCfg = Release|Win32
		{FAF59E4E-3F8C-34E0-9C3E-5CC050B0948C}.Release|Win32.Build.0 = Release|Win32
		{FAF59E4E-3F8C-34E0-9C3E-5CC050B0948C}.MinSizeRel|Win32.ActiveCfg = MinSizeRel|Win32
		{FAF59E4E-3F8C-34E0-9C3E-5CC050B0948C}.MinSizeRel|Win32.Build.0 = MinSizeRel|Win32
		{FAF59E4E-3F8C-34E0-9C3E-5CC050B0948C}.RelWithDebInfo|Win32.ActiveCfg = RelWithDebInfo|Win32
		{FAF59E4E-3F8C-34E0-9C3E-5CC050B0948C}.RelWithDebInfo|Win32.Build.0 = RelWithDebInfo|Win32
	EndGlobalSection
	GlobalSection(NestedProjects) = preSolution
		{CBA67BEC-200A-315B-9EE1-6CED1DC04D2A} = {8E2AECA5-45E3-376F-ABED-8DDA22FA4F9E}
		{F7112966-09D2-3D00-B5C8-CDDF911374A1} = {7DAABF44-BF0D-3D32-A6BA-B9564A800703}
		{51F605FC-8A22-3A12-9EA0-6DAB5D532804} = {7DAABF44-BF0D-3D32-A6BA-B9564A800703}
		{5152242F-DD8E-3CB6-9CCE-9B9CC9720E95} = {7DAABF44-BF0D-3D32-A6BA-B9564A800703}
		{528FD48E-D821-3D0B-AD05-3D9B508B479E} = {7DAABF44-BF0D-3D32-A6BA-B9564A800703}
		{B66DF65B-0DDD-384F-B9E8-AA1A36BDBABB} = {7DAABF44-BF0D-3D32-A6BA-B9564A800703}
		{E95D721F-51D8-3342-92BD-184CC11E3BA6} = {7DAABF44-BF0D-3D32-A6BA-B9564A800703}
		{13E8D66A-A21C-3254-B9EA-C1A067D82849} = {7DAABF44-BF0D-3D32-A6BA-B9564A800703}
		{914056F4-DD24-39D9-AE6E-E3B58D3360CD} = {7DAABF44-BF0D-3D32-A6BA-B9564A800703}
		{A9EDA293-89E3-319B-A66E-ABF9CC688A88} = {7DAABF44-BF0D-3D32-A6BA-B9564A800703}
		{45103ABB-8581-38FE-B8C7-142A69B250E4} = {7DAABF44-BF0D-3D32-A6BA-B9564A800703}
		{FAF59E4E-3F8C-34E0-9C3E-5CC050B0948C} = {7DAABF44-BF0D-3D32-A6BA-B9564A800703}
		{679EEFDA-EC3D-3A03-8B66-75D056019686} = {6AE2F5C4-2E35-3B88-B612-06DF7DECCCBC}
		{52FD9E2A-AA31-314F-BF59-A6F812DB76E1} = {8C9C91D4-160A-361C-9BB3-B84FDAC31719}
	EndGlobalSection
	GlobalSection(ExtensibilityGlobals) = postSolution
		SolutionGuid = {D475BBB7-C72F-358C-917D-00D130AB9476}
	EndGlobalSection
	GlobalSection(ExtensibilityAddIns) = postSolution
	EndGlobalSection
EndGlobal
